
Microsoft Visual Studio Solution File, Format Version 12.00
# Visual Studio Version 17
VisualStudioVersion = 17.10.34707.107
MinimumVisualStudioVersion = 10.0.40219.1
Project("{2150E333-8FDC-42A3-9474-1A3956D46DE8}") = "Bootstrapper", "Bootstrapper", "{00D777F2-96A4-484F-B8F0-12BD845BCBC0}"
EndProject
Project("{2150E333-8FDC-42A3-9474-1A3956D46DE8}") = "Modules", "Modules", "{08D10A15-2F38-4913-9C86-34A8381E5A6A}"
EndProject
Project("{2150E333-8FDC-42A3-9474-1A3956D46DE8}") = "Shared", "Shared", "{DB120EC0-0824-4474-8E80-79CE45A78DA4}"
EndProject
Project("{FAE04EC0-301F-11D3-BF4B-00C04F79EFBC}") = "Api", "Bootstrapper\Api\Api.csproj", "{35137C39-13DF-4E85-A15A-6623E5BD2352}"
EndProject
Project("{2150E333-8FDC-42A3-9474-1A3956D46DE8}") = "Catalog", "Catalog", "{CBA4E5E0-769F-4DBC-893E-E9795F3EE283}"
EndProject
Project("{2150E333-8FDC-42A3-9474-1A3956D46DE8}") = "Basket", "Basket", "{81ADEA7C-AEC7-4313-A659-569B2689FC94}"
EndProject
Project("{2150E333-8FDC-42A3-9474-1A3956D46DE8}") = "Ordering", "Ordering", "{3FAB478F-C220-4125-BA5A-55A1385C9EC4}"
EndProject
Project("{FAE04EC0-301F-11D3-BF4B-00C04F79EFBC}") = "Basket", "Modules\Basket\Basket\Basket.csproj", "{0CB731A6-8FF5-43A0-A1BB-1D1C43785399}"
EndProject
Project("{FAE04EC0-301F-11D3-BF4B-00C04F79EFBC}") = "Catalog", "Modules\Catalog\Catalog\Catalog.csproj", "{0B014A06-78B0-487A-9BDC-FBFD8F64F47D}"
EndProject
Project("{FAE04EC0-301F-11D3-BF4B-00C04F79EFBC}") = "Ordering", "Modules\Ordering\Ordering\Ordering.csproj", "{C59F6730-E556-4518-B588-8169668132F6}"
EndProject
Project("{FAE04EC0-301F-11D3-BF4B-00C04F79EFBC}") = "Shared", "Shared\Shared\Shared.csproj", "{BB1B2593-10F6-446C-A23B-D90131B7504F}"
EndProject
Global
	GlobalSection(SolutionConfigurationPlatforms) = preSolution
		Debug|Any CPU = Debug|Any CPU
		Release|Any CPU = Release|Any CPU
	EndGlobalSection
	GlobalSection(ProjectConfigurationPlatforms) = postSolution
		{35137C39-13DF-4E85-A15A-6623E5BD2352}.Debug|Any CPU.ActiveCfg = Debug|Any CPU
		{35137C39-13DF-4E85-A15A-6623E5BD2352}.Debug|Any CPU.Build.0 = Debug|Any CPU
		{35137C39-13DF-4E85-A15A-6623E5BD2352}.Release|Any CPU.ActiveCfg = Release|Any CPU
		{35137C39-13DF-4E85-A15A-6623E5BD2352}.Release|Any CPU.Build.0 = Release|Any CPU
		{0CB731A6-8FF5-43A0-A1BB-1D1C43785399}.Debug|Any CPU.ActiveCfg = Debug|Any CPU
		{0CB731A6-8FF5-43A0-A1BB-1D1C43785399}.Debug|Any CPU.Build.0 = Debug|Any CPU
		{0CB731A6-8FF5-43A0-A1BB-1D1C43785399}.Release|Any CPU.ActiveCfg = Release|Any CPU
		{0CB731A6-8FF5-43A0-A1BB-1D1C43785399}.Release|Any CPU.Build.0 = Release|Any CPU
		{0B014A06-78B0-487A-9BDC-FBFD8F64F47D}.Debug|Any CPU.ActiveCfg = Debug|Any CPU
		{0B014A06-78B0-487A-9BDC-FBFD8F64F47D}.Debug|Any CPU.Build.0 = Debug|Any CPU
		{0B014A06-78B0-487A-9BDC-FBFD8F64F47D}.Release|Any CPU.ActiveCfg = Release|Any CPU
		{0B014A06-78B0-487A-9BDC-FBFD8F64F47D}.Release|Any CPU.Build.0 = Release|Any CPU
		{C59F6730-E556-4518-B588-8169668132F6}.Debug|Any CPU.ActiveCfg = Debug|Any CPU
		{C59F6730-E556-4518-B588-8169668132F6}.Debug|Any CPU.Build.0 = Debug|Any CPU
		{C59F6730-E556-4518-B588-8169668132F6}.Release|Any CPU.ActiveCfg = Release|Any CPU
		{C59F6730-E556-4518-B588-8169668132F6}.Release|Any CPU.Build.0 = Release|Any CPU
		{BB1B2593-10F6-446C-A23B-D90131B7504F}.Debug|Any CPU.ActiveCfg = Debug|Any CPU
		{BB1B2593-10F6-446C-A23B-D90131B7504F}.Debug|Any CPU.Build.0 = Debug|Any CPU
		{BB1B2593-10F6-446C-A23B-D90131B7504F}.Release|Any CPU.ActiveCfg = Release|Any CPU
		{BB1B2593-10F6-446C-A23B-D90131B7504F}.Release|Any CPU.Build.0 = Release|Any CPU
	EndGlobalSection
	GlobalSection(SolutionProperties) = preSolution
		HideSolutionNode = FALSE
	EndGlobalSection
	GlobalSection(NestedProjects) = preSolution
		{35137C39-13DF-4E85-A15A-6623E5BD2352} = {00D777F2-96A4-484F-B8F0-12BD845BCBC0}
		{CBA4E5E0-769F-4DBC-893E-E9795F3EE283} = {08D10A15-2F38-4913-9C86-34A8381E5A6A}
		{81ADEA7C-AEC7-4313-A659-569B2689FC94} = {08D10A15-2F38-4913-9C86-34A8381E5A6A}
		{3FAB478F-C220-4125-BA5A-55A1385C9EC4} = {08D10A15-2F38-4913-9C86-34A8381E5A6A}
		{0CB731A6-8FF5-43A0-A1BB-1D1C43785399} = {81ADEA7C-AEC7-4313-A659-569B2689FC94}
		{0B014A06-78B0-487A-9BDC-FBFD8F64F47D} = {CBA4E5E0-769F-4DBC-893E-E9795F3EE283}
		{C59F6730-E556-4518-B588-8169668132F6} = {3FAB478F-C220-4125-BA5A-55A1385C9EC4}
		{BB1B2593-10F6-446C-A23B-D90131B7504F} = {DB120EC0-0824-4474-8E80-79CE45A78DA4}
	EndGlobalSection
	GlobalSection(ExtensibilityGlobals) = postSolution
		SolutionGuid = {E23178CC-51A9-4AB7-9FBE-D896B8B03BC0}
	EndGlobalSection
EndGlobal
